
Microsoft Visual Studio Solution File, Format Version 12.00
# Visual Studio Version 16
VisualStudioVersion = 16.0.30907.101
MinimumVisualStudioVersion = 10.0.40219.1
Project("{9A19103F-16F7-4668-BE54-9A1E7A4F7556}") = "RecordTest", "RecordTest\RecordTest.csproj", "{05277F98-DECA-453D-AE74-F687F375EE47}"
EndProject
Project("{9A19103F-16F7-4668-BE54-9A1E7A4F7556}") = "WebApplication1", "WebApplication1\WebApplication1.csproj", "{89EC42D2-DEFE-40B3-8B4F-6E44CADC338D}"
EndProject
Global
	GlobalSection(SolutionConfigurationPlatforms) = preSolution
		Debug|Any CPU = Debug|Any CPU
		Release|Any CPU = Release|Any CPU
	EndGlobalSection
	GlobalSection(ProjectConfigurationPlatforms) = postSolution
		{05277F98-DECA-453D-AE74-F687F375EE47}.Debug|Any CPU.ActiveCfg = Debug|Any CPU
		{05277F98-DECA-453D-AE74-F687F375EE47}.Debug|Any CPU.Build.0 = Debug|Any CPU
		{05277F98-DECA-453D-AE74-F687F375EE47}.Release|Any CPU.ActiveCfg = Release|Any CPU
		{05277F98-DECA-453D-AE74-F687F375EE47}.Release|Any CPU.Build.0 = Release|Any CPU
		{89EC42D2-DEFE-40B3-8B4F-6E44CADC338D}.Debug|Any CPU.ActiveCfg = Debug|Any CPU
		{89EC42D2-DEFE-40B3-8B4F-6E44CADC338D}.Debug|Any CPU.Build.0 = Debug|Any CPU
		{89EC42D2-DEFE-40B3-8B4F-6E44CADC338D}.Release|Any CPU.ActiveCfg = Release|Any CPU
		{89EC42D2-DEFE-40B3-8B4F-6E44CADC338D}.Release|Any CPU.Build.0 = Release|Any CPU
	EndGlobalSection
	GlobalSection(SolutionProperties) = preSolution
		HideSolutionNode = FALSE
	EndGlobalSection
	GlobalSection(ExtensibilityGlobals) = postSolution
		SolutionGuid = {AC661FC4-6F78-4BED-89E8-033F0D98B6EA}
	EndGlobalSection
EndGlobal
